// !$*UTF8*$!
{
	archiveVersion = 1;
	classes = {
	};
	objectVersion = 46;
	objects = {

/* Begin PBXBuildFile section */
		B512CF3C1C2BA30D002B580A /* AppDelegate.swift in Sources */ = {isa = PBXBuildFile; fileRef = B512CF3B1C2BA30D002B580A /* AppDelegate.swift */; };
		B512CF3E1C2BA30D002B580A /* Assets.xcassets in Resources */ = {isa = PBXBuildFile; fileRef = B512CF3D1C2BA30D002B580A /* Assets.xcassets */; };
		B512CF411C2BA30D002B580A /* MainMenu.xib in Resources */ = {isa = PBXBuildFile; fileRef = B512CF3F1C2BA30D002B580A /* MainMenu.xib */; };
		B512CF4A1C2BCB12002B580A /* QuotesViewController.swift in Sources */ = {isa = PBXBuildFile; fileRef = B512CF481C2BCB11002B580A /* QuotesViewController.swift */; };
		B512CF4B1C2BCB12002B580A /* QuotesViewController.xib in Resources */ = {isa = PBXBuildFile; fileRef = B512CF491C2BCB12002B580A /* QuotesViewController.xib */; };
		B5AC7EF31C2BDB590077EA59 /* Quote.swift in Sources */ = {isa = PBXBuildFile; fileRef = B5AC7EF21C2BDB590077EA59 /* Quote.swift */; };
/* End PBXBuildFile section */

/* Begin PBXFileReference section */
		B512CF381C2BA30D002B580A /* Quotes.app */ = {isa = PBXFileReference; explicitFileType = wrapper.application; includeInIndex = 0; path = Quotes.app; sourceTree = BUILT_PRODUCTS_DIR; };
		B512CF3B1C2BA30D002B580A /* AppDelegate.swift */ = {isa = PBXFileReference; lastKnownFileType = sourcecode.swift; path = AppDelegate.swift; sourceTree = "<group>"; };
		B512CF3D1C2BA30D002B580A /* Assets.xcassets */ = {isa = PBXFileReference; lastKnownFileType = folder.assetcatalog; path = Assets.xcassets; sourceTree = "<group>"; };
		B512CF401C2BA30D002B580A /* Base */ = {isa = PBXFileReference; lastKnownFileType = file.xib; name = Base; path = Base.lproj/MainMenu.xib; sourceTree = "<group>"; };
		B512CF421C2BA30D002B580A /* Info.plist */ = {isa = PBXFileReference; lastKnownFileType = text.plist.xml; path = Info.plist; sourceTree = "<group>"; };
		B512CF481C2BCB11002B580A /* QuotesViewController.swift */ = {isa = PBXFileReference; fileEncoding = 4; lastKnownFileType = sourcecode.swift; path = QuotesViewController.swift; sourceTree = "<group>"; };
		B512CF491C2BCB12002B580A /* QuotesViewController.xib */ = {isa = PBXFileReference; fileEncoding = 4; lastKnownFileType = file.xib; path = QuotesViewController.xib; sourceTree = "<group>"; };
		B5AC7EF21C2BDB590077EA59 /* Quote.swift */ = {isa = PBXFileReference; fileEncoding = 4; lastKnownFileType = sourcecode.swift; path = Quote.swift; sourceTree = "<group>"; };
/* End PBXFileReference section */

/* Begin PBXFrameworksBuildPhase section */
		B512CF351C2BA30D002B580A /* Frameworks */ = {
			isa = PBXFrameworksBuildPhase;
			buildActionMask = 2147483647;
			files = (
			);
			runOnlyForDeploymentPostprocessing = 0;
		};
/* End PBXFrameworksBuildPhase section */

/* Begin PBXGroup section */
		B512CF2F1C2BA30D002B580A = {
			isa = PBXGroup;
			children = (
				B512CF3A1C2BA30D002B580A /* Quotes */,
				B512CF391C2BA30D002B580A /* Products */,
			);
			sourceTree = "<group>";
		};
		B512CF391C2BA30D002B580A /* Products */ = {
			isa = PBXGroup;
			children = (
				B512CF381C2BA30D002B580A /* Quotes.app */,
			);
			name = Products;
			sourceTree = "<group>";
		};
		B512CF3A1C2BA30D002B580A /* Quotes */ = {
			isa = PBXGroup;
			children = (
				B512CF3B1C2BA30D002B580A /* AppDelegate.swift */,
				B512CF481C2BCB11002B580A /* QuotesViewController.swift */,
				B512CF491C2BCB12002B580A /* QuotesViewController.xib */,
				B5AC7EF21C2BDB590077EA59 /* Quote.swift */,
				B512CF3D1C2BA30D002B580A /* Assets.xcassets */,
				B512CF3F1C2BA30D002B580A /* MainMenu.xib */,
				B512CF421C2BA30D002B580A /* Info.plist */,
			);
			path = Quotes;
			sourceTree = "<group>";
		};
/* End PBXGroup section */

/* Begin PBXNativeTarget section */
		B512CF371C2BA30D002B580A /* Quotes */ = {
			isa = PBXNativeTarget;
			buildConfigurationList = B512CF451C2BA30D002B580A /* Build configuration list for PBXNativeTarget "Quotes" */;
			buildPhases = (
				B512CF341C2BA30D002B580A /* Sources */,
				B512CF351C2BA30D002B580A /* Frameworks */,
				B512CF361C2BA30D002B580A /* Resources */,
			);
			buildRules = (
			);
			dependencies = (
			);
			name = Quotes;
			productName = Quotes;
			productReference = B512CF381C2BA30D002B580A /* Quotes.app */;
			productType = "com.apple.product-type.application";
		};
/* End PBXNativeTarget section */

/* Begin PBXProject section */
		B512CF301C2BA30D002B580A /* Project object */ = {
			isa = PBXProject;
			attributes = {
				LastSwiftUpdateCheck = 0720;
				LastUpgradeCheck = 0720;
				ORGANIZATIONNAME = shaochang;
				TargetAttributes = {
					B512CF371C2BA30D002B580A = {
						CreatedOnToolsVersion = 7.2;
					};
				};
			};
			buildConfigurationList = B512CF331C2BA30D002B580A /* Build configuration list for PBXProject "Quotes" */;
			compatibilityVersion = "Xcode 3.2";
			developmentRegion = English;
			hasScannedForEncodings = 0;
			knownRegions = (
				en,
				Base,
			);
			mainGroup = B512CF2F1C2BA30D002B580A;
			productRefGroup = B512CF391C2BA30D002B580A /* Products */;
			projectDirPath = "";
			projectRoot = "";
			targets = (
				B512CF371C2BA30D002B580A /* Quotes */,
			);
		};
/* End PBXProject section */

/* Begin PBXResourcesBuildPhase section */
		B512CF361C2BA30D002B580A /* Resources */ = {
			isa = PBXResourcesBuildPhase;
			buildActionMask = 2147483647;
			files = (
				B512CF4B1C2BCB12002B580A /* QuotesViewController.xib in Resources */,
				B512CF3E1C2BA30D002B580A /* Assets.xcassets in Resources */,
				B512CF411C2BA30D002B580A /* MainMenu.xib in Resources */,
			);
			runOnlyForDeploymentPostprocessing = 0;
		};
/* End PBXResourcesBuildPhase section */

/* Begin PBXSourcesBuildPhase section */
		B512CF341C2BA30D002B580A /* Sources */ = {
			isa = PBXSourcesBuildPhase;
			buildActionMask = 2147483647;
			files = (
				B512CF3C1C2BA30D002B580A /* AppDelegate.swift in Sources */,
				B5AC7EF31C2BDB590077EA59 /* Quote.swift in Sources */,
				B512CF4A1C2BCB12002B580A /* QuotesViewController.swift in Sources */,
			);
			runOnlyForDeploymentPostprocessing = 0;
		};
/* End PBXSourcesBuildPhase section */

/* Begin PBXVariantGroup section */
		B512CF3F1C2BA30D002B580A /* MainMenu.xib */ = {
			isa = PBXVariantGroup;
			children = (
				B512CF401C2BA30D002B580A /* Base */,
			);
			name = MainMenu.xib;
			sourceTree = "<group>";
		};
/* End PBXVariantGroup section */

/* Begin XCBuildConfiguration section */
		B512CF431C2BA30D002B580A /* Debug */ = {
			isa = XCBuildConfiguration;
			buildSettings = {
				ALWAYS_SEARCH_USER_PATHS = NO;
				CLANG_CXX_LANGUAGE_STANDARD = "gnu++0x";
				CLANG_CXX_LIBRARY = "libc++";
				CLANG_ENABLE_MODULES = YES;
				CLANG_ENABLE_OBJC_ARC = YES;
				CLANG_WARN_BOOL_CONVERSION = YES;
				CLANG_WARN_CONSTANT_CONVERSION = YES;
				CLANG_WARN_DIRECT_OBJC_ISA_USAGE = YES_ERROR;
				CLANG_WARN_EMPTY_BODY = YES;
				CLANG_WARN_ENUM_CONVERSION = YES;
				CLANG_WARN_INT_CONVERSION = YES;
				CLANG_WARN_OBJC_ROOT_CLASS = YES_ERROR;
				CLANG_WARN_UNREACHABLE_CODE = YES;
				CLANG_WARN__DUPLICATE_METHOD_MATCH = YES;
				CODE_SIGN_IDENTITY = "-";
				COPY_PHASE_STRIP = NO;
				DEBUG_INFORMATION_FORMAT = dwarf;
				ENABLE_STRICT_OBJC_MSGSEND = YES;
				ENABLE_TESTABILITY = YES;
				GCC_C_LANGUAGE_STANDARD = gnu99;
				GCC_DYNAMIC_NO_PIC = NO;
				GCC_NO_COMMON_BLOCKS = YES;
				GCC_OPTIMIZATION_LEVEL = 0;
				GCC_PREPROCESSOR_DEFINITIONS = (
					"DEBUG=1",
					"$(inherited)",
				);
				GCC_WARN_64_TO_32_BIT_CONVERSION = YES;
				GCC_WARN_ABOUT_RETURN_TYPE = YES_ERROR;
				GCC_WARN_UNDECLARED_SELECTOR = YES;
				GCC_WARN_UNINITIALIZED_AUTOS = YES_AGGRESSIVE;
				GCC_WARN_UNUSED_FUNCTION = YES;
				GCC_WARN_UNUSED_VARIABLE = YES;
				MACOSX_DEPLOYMENT_TARGET = 10.11;
				MTL_ENABLE_DEBUG_INFO = YES;
				ONLY_ACTIVE_ARCH = YES;
				SDKROOT = macosx;
				SWIFT_OPTIMIZATION_LEVEL = "-Onone";
			};
			name = Debug;
		};
		B512CF441C2BA30D002B580A /* Release */ = {
			isa = XCBuildConfiguration;
			buildSettings = {
				ALWAYS_SEARCH_USER_PATHS = NO;
				CLANG_CXX_LANGUAGE_STANDARD = "gnu++0x";
				CLANG_CXX_LIBRARY = "libc++";
				CLANG_ENABLE_MODULES = YES;
				CLANG_ENABLE_OBJC_ARC = YES;
				CLANG_WARN_BOOL_CONVERSION = YES;
				CLANG_WARN_CONSTANT_CONVERSION = YES;
				CLANG_WARN_DIRECT_OBJC_ISA_USAGE = YES_ERROR;
				CLANG_WARN_EMPTY_BODY = YES;
				CLANG_WARN_ENUM_CONVERSION = YES;
				CLANG_WARN_INT_CONVERSION = YES;
				CLANG_WARN_OBJC_ROOT_CLASS = YES_ERROR;
				CLANG_WARN_UNREACHABLE_CODE = YES;
				CLANG_WARN__DUPLICATE_METHOD_MATCH = YES;
				CODE_SIGN_IDENTITY = "-";
				COPY_PHASE_STRIP = NO;
				DEBUG_INFORMATION_FORMAT = "dwarf-with-dsym";
				ENABLE_NS_ASSERTIONS = NO;
				ENABLE_STRICT_OBJC_MSGSEND = YES;
				GCC_C_LANGUAGE_STANDARD = gnu99;
				GCC_NO_COMMON_BLOCKS = YES;
				GCC_WARN_64_TO_32_BIT_CONVERSION = YES;
				GCC_WARN_ABOUT_RETURN_TYPE = YES_ERROR;
				GCC_WARN_UNDECLARED_SELECTOR = YES;
				GCC_WARN_UNINITIALIZED_AUTOS = YES_AGGRESSIVE;
				GCC_WARN_UNUSED_FUNCTION = YES;
				GCC_WARN_UNUSED_VARIABLE = YES;
				MACOSX_DEPLOYMENT_TARGET = 10.11;
				MTL_ENABLE_DEBUG_INFO = NO;
				SDKROOT = macosx;
			};
			name = Release;
		};
		B512CF461C2BA30D002B580A /* Debug */ = {
			isa = XCBuildConfiguration;
			buildSettings = {
				ASSETCATALOG_COMPILER_APPICON_NAME = AppIcon;
				COMBINE_HIDPI_IMAGES = YES;
				INFOPLIST_FILE = Quotes/Info.plist;
				LD_RUNPATH_SEARCH_PATHS = "$(inherited) @executable_path/../Frameworks";
				PRODUCT_BUNDLE_IDENTIFIER = com.shaochang.Quotes;
				PRODUCT_NAME = "$(TARGET_NAME)";
			};
			name = Debug;
		};
		B512CF471C2BA30D002B580A /* Release */ = {
			isa = XCBuildConfiguration;
			buildSettings = {
				ASSETCATALOG_COMPILER_APPICON_NAME = AppIcon;
				COMBINE_HIDPI_IMAGES = YES;
				INFOPLIST_FILE = Quotes/Info.plist;
				LD_RUNPATH_SEARCH_PATHS = "$(inherited) @executable_path/../Frameworks";
				PRODUCT_BUNDLE_IDENTIFIER = com.shaochang.Quotes;
				PRODUCT_NAME = "$(TARGET_NAME)";
			};
			name = Release;
		};
/* End XCBuildConfiguration section */

/* Begin XCConfigurationList section */
		B512CF331C2BA30D002B580A /* Build configuration list for PBXProject "Quotes" */ = {
			isa = XCConfigurationList;
			buildConfigurations = (
				B512CF431C2BA30D002B580A /* Debug */,
				B512CF441C2BA30D002B580A /* Release */,
			);
			defaultConfigurationIsVisible = 0;
			defaultConfigurationName = Release;
		};
		B512CF451C2BA30D002B580A /* Build configuration list for PBXNativeTarget "Quotes" */ = {
			isa = XCConfigurationList;
			buildConfigurations = (
				B512CF461C2BA30D002B580A /* Debug */,
				B512CF471C2BA30D002B580A /* Release */,
			);
			defaultConfigurationIsVisible = 0;
			defaultConfigurationName = Release;
		};
/* End XCConfigurationList section */
	};
	rootObject = B512CF301C2BA30D002B580A /* Project object */;
}
